# This file is automatically @generated by Cargo.
# It is not intended for manual editing.
version = 4

[[package]]
name = "bincode"
version = "3.0.0"
source = "registry+https://github.com/rust-lang/crates.io-index"
checksum = "fd6a120d2e16b3e1b4a24bd70f23b12d3e16b81f113364a26935f8db7245452d"

[[package]]
name = "bitflags"
version = "2.11.1"
source = "registry+https://github.com/rust-lang/crates.io-index"
checksum = "c4512299f36f043ab09a583e57bceb5a5aab7a73db1805848e8fef3c9e8c78b3"

[[package]]
name = "libc"
version = "0.2.186"
source = "registry+https://github.com/rust-lang/crates.io-index"
checksum = "68ab91017fe16c622486840e4c83c9a37afeff978bd239b5293d61ece587de66"

[[package]]
name = "sdl3"
version = "0.18.4"
source = "registry+https://github.com/rust-lang/crates.io-index"
checksum = "25bd22eb1bbc9137e914022b4994ed35591eea0884e9e3e98e6d9895cad6e1d2"
dependencies = [
 "bitflags",
 "libc",
 "sdl3-sys",
]

[[package]]
name = "sdl3-sys"
version = "0.6.5+SDL-3.4.8"
source = "registry+https://github.com/rust-lang/crates.io-index"
checksum = "51ca7a36c908d1d2b6c259d426a5000fbb70e764dcc430f6a373cc151f614f68"

[[package]]
name = "starboard_new"
version = "0.1.0"
dependencies = [
 "bincode",
 "sdl3",
]
